
Microsoft Visual Studio Solution File, Format Version 12.00
# Visual Studio 15
VisualStudioVersion = 15.0.26730.10
MinimumVisualStudioVersion = 10.0.40219.1
Project("{9A19103F-16F7-4668-BE54-9A1E7A4F7556}") = "EHR.API", "EHR.API\EHR.API.csproj", "{6730CED0-FD22-42C1-AB67-A90808D3B184}"
EndProject
Project("{9A19103F-16F7-4668-BE54-9A1E7A4F7556}") = "EHR.BLL", "EHR.BLL\EHR.BLL.csproj", "{642663CD-A73A-4729-9C60-1E69215C1C4C}"
EndProject
Project("{9A19103F-16F7-4668-BE54-9A1E7A4F7556}") = "EHR.DAL", "EHR.DAL\EHR.DAL.csproj", "{031ACAA6-B3F0-4BC1-B75E-13579E8CD7CC}"
EndProject
Project("{9A19103F-16F7-4668-BE54-9A1E7A4F7556}") = "EHR.TESTS", "EHR.TESTS\EHR.TESTS.csproj", "{8C9FC9D5-7688-4C4F-8AFF-A403E1FFDF1A}"
EndProject
Project("{9A19103F-16F7-4668-BE54-9A1E7A4F7556}") = "EHR.Utilities", "EHR.Utilities\EHR.Utilities.csproj", "{085A5640-07D3-4F2C-BBB2-5A8904B54FCE}"
EndProject
Project("{9A19103F-16F7-4668-BE54-9A1E7A4F7556}") = "EHR", "EHR\EHR.csproj", "{8232166B-1557-48F8-AD60-C560C0CBFE9F}"
EndProject
Project("{9A19103F-16F7-4668-BE54-9A1E7A4F7556}") = "EHR.DAL.Inventory", "EHR.DAL.Inventory\EHR.DAL.Inventory.csproj", "{FFDD5967-96CF-4467-B1B8-A7C268C169E9}"
EndProject
Project("{9A19103F-16F7-4668-BE54-9A1E7A4F7556}") = "EHR.DAL.User", "EHR.DAL.User\EHR.DAL.User.csproj", "{506FEC28-159D-4C16-BC5B-512219DB1C67}"
EndProject
Project("{2150E333-8FDC-42A3-9474-1A3956D46DE8}") = "0 - UI", "0 - UI", "{29CE2621-9589-47E8-8208-B12F80EE23CE}"
EndProject
Project("{2150E333-8FDC-42A3-9474-1A3956D46DE8}") = "1 - Services", "1 - Services", "{810B3B78-57E1-4FB5-8ECD-F96DE9217D55}"
EndProject
Project("{2150E333-8FDC-42A3-9474-1A3956D46DE8}") = "2 - Business Layer", "2 - Business Layer", "{2707A96A-24C4-496B-B5F1-9BC597E6743A}"
EndProject
Project("{2150E333-8FDC-42A3-9474-1A3956D46DE8}") = "3 - Data Access Layer", "3 - Data Access Layer", "{198B41B5-723F-400E-B655-2632F08D7004}"
EndProject
Project("{2150E333-8FDC-42A3-9474-1A3956D46DE8}") = "4 - Utilities", "4 - Utilities", "{F1783AE5-981C-4713-B222-C35CD57E8CE1}"
EndProject
Project("{2150E333-8FDC-42A3-9474-1A3956D46DE8}") = "5 - Tests", "5 - Tests", "{43179C8E-D3C7-448F-8EDD-1594A7F2F4E2}"
EndProject
Project("{FAE04EC0-301F-11D3-BF4B-00C04F79EFBC}") = "EHR.BLL.Inventory", "EHR.BLL.Inventory\EHR.BLL.Inventory.csproj", "{B2E0CA67-C280-4812-A3A4-26784AB71A0A}"
EndProject
Global
	GlobalSection(SolutionConfigurationPlatforms) = preSolution
		Debug|Any CPU = Debug|Any CPU
		Release|Any CPU = Release|Any CPU
	EndGlobalSection
	GlobalSection(ProjectConfigurationPlatforms) = postSolution
		{6730CED0-FD22-42C1-AB67-A90808D3B184}.Debug|Any CPU.ActiveCfg = Debug|Any CPU
		{6730CED0-FD22-42C1-AB67-A90808D3B184}.Debug|Any CPU.Build.0 = Debug|Any CPU
		{6730CED0-FD22-42C1-AB67-A90808D3B184}.Release|Any CPU.ActiveCfg = Release|Any CPU
		{6730CED0-FD22-42C1-AB67-A90808D3B184}.Release|Any CPU.Build.0 = Release|Any CPU
		{642663CD-A73A-4729-9C60-1E69215C1C4C}.Debug|Any CPU.ActiveCfg = Debug|Any CPU
		{642663CD-A73A-4729-9C60-1E69215C1C4C}.Debug|Any CPU.Build.0 = Debug|Any CPU
		{642663CD-A73A-4729-9C60-1E69215C1C4C}.Release|Any CPU.ActiveCfg = Release|Any CPU
		{642663CD-A73A-4729-9C60-1E69215C1C4C}.Release|Any CPU.Build.0 = Release|Any CPU
		{031ACAA6-B3F0-4BC1-B75E-13579E8CD7CC}.Debug|Any CPU.ActiveCfg = Debug|Any CPU
		{031ACAA6-B3F0-4BC1-B75E-13579E8CD7CC}.Debug|Any CPU.Build.0 = Debug|Any CPU
		{031ACAA6-B3F0-4BC1-B75E-13579E8CD7CC}.Release|Any CPU.ActiveCfg = Release|Any CPU
		{031ACAA6-B3F0-4BC1-B75E-13579E8CD7CC}.Release|Any CPU.Build.0 = Release|Any CPU
		{8C9FC9D5-7688-4C4F-8AFF-A403E1FFDF1A}.Debug|Any CPU.ActiveCfg = Debug|Any CPU
		{8C9FC9D5-7688-4C4F-8AFF-A403E1FFDF1A}.Debug|Any CPU.Build.0 = Debug|Any CPU
		{8C9FC9D5-7688-4C4F-8AFF-A403E1FFDF1A}.Release|Any CPU.ActiveCfg = Release|Any CPU
		{8C9FC9D5-7688-4C4F-8AFF-A403E1FFDF1A}.Release|Any CPU.Build.0 = Release|Any CPU
		{085A5640-07D3-4F2C-BBB2-5A8904B54FCE}.Debug|Any CPU.ActiveCfg = Debug|Any CPU
		{085A5640-07D3-4F2C-BBB2-5A8904B54FCE}.Debug|Any CPU.Build.0 = Debug|Any CPU
		{085A5640-07D3-4F2C-BBB2-5A8904B54FCE}.Release|Any CPU.ActiveCfg = Release|Any CPU
		{085A5640-07D3-4F2C-BBB2-5A8904B54FCE}.Release|Any CPU.Build.0 = Release|Any CPU
		{8232166B-1557-48F8-AD60-C560C0CBFE9F}.Debug|Any CPU.ActiveCfg = Debug|Any CPU
		{8232166B-1557-48F8-AD60-C560C0CBFE9F}.Debug|Any CPU.Build.0 = Debug|Any CPU
		{8232166B-1557-48F8-AD60-C560C0CBFE9F}.Release|Any CPU.ActiveCfg = Release|Any CPU
		{8232166B-1557-48F8-AD60-C560C0CBFE9F}.Release|Any CPU.Build.0 = Release|Any CPU
		{FFDD5967-96CF-4467-B1B8-A7C268C169E9}.Debug|Any CPU.ActiveCfg = Debug|Any CPU
		{FFDD5967-96CF-4467-B1B8-A7C268C169E9}.Debug|Any CPU.Build.0 = Debug|Any CPU
		{FFDD5967-96CF-4467-B1B8-A7C268C169E9}.Release|Any CPU.ActiveCfg = Release|Any CPU
		{FFDD5967-96CF-4467-B1B8-A7C268C169E9}.Release|Any CPU.Build.0 = Release|Any CPU
		{506FEC28-159D-4C16-BC5B-512219DB1C67}.Debug|Any CPU.ActiveCfg = Debug|Any CPU
		{506FEC28-159D-4C16-BC5B-512219DB1C67}.Debug|Any CPU.Build.0 = Debug|Any CPU
		{506FEC28-159D-4C16-BC5B-512219DB1C67}.Release|Any CPU.ActiveCfg = Release|Any CPU
		{506FEC28-159D-4C16-BC5B-512219DB1C67}.Release|Any CPU.Build.0 = Release|Any CPU
		{B2E0CA67-C280-4812-A3A4-26784AB71A0A}.Debug|Any CPU.ActiveCfg = Debug|Any CPU
		{B2E0CA67-C280-4812-A3A4-26784AB71A0A}.Debug|Any CPU.Build.0 = Debug|Any CPU
		{B2E0CA67-C280-4812-A3A4-26784AB71A0A}.Release|Any CPU.ActiveCfg = Release|Any CPU
		{B2E0CA67-C280-4812-A3A4-26784AB71A0A}.Release|Any CPU.Build.0 = Release|Any CPU
	EndGlobalSection
	GlobalSection(SolutionProperties) = preSolution
		HideSolutionNode = FALSE
	EndGlobalSection
	GlobalSection(NestedProjects) = preSolution
		{6730CED0-FD22-42C1-AB67-A90808D3B184} = {810B3B78-57E1-4FB5-8ECD-F96DE9217D55}
		{642663CD-A73A-4729-9C60-1E69215C1C4C} = {2707A96A-24C4-496B-B5F1-9BC597E6743A}
		{031ACAA6-B3F0-4BC1-B75E-13579E8CD7CC} = {198B41B5-723F-400E-B655-2632F08D7004}
		{8C9FC9D5-7688-4C4F-8AFF-A403E1FFDF1A} = {43179C8E-D3C7-448F-8EDD-1594A7F2F4E2}
		{085A5640-07D3-4F2C-BBB2-5A8904B54FCE} = {F1783AE5-981C-4713-B222-C35CD57E8CE1}
		{8232166B-1557-48F8-AD60-C560C0CBFE9F} = {29CE2621-9589-47E8-8208-B12F80EE23CE}
		{FFDD5967-96CF-4467-B1B8-A7C268C169E9} = {198B41B5-723F-400E-B655-2632F08D7004}
		{506FEC28-159D-4C16-BC5B-512219DB1C67} = {198B41B5-723F-400E-B655-2632F08D7004}
		{B2E0CA67-C280-4812-A3A4-26784AB71A0A} = {2707A96A-24C4-496B-B5F1-9BC597E6743A}
	EndGlobalSection
	GlobalSection(ExtensibilityGlobals) = postSolution
		SolutionGuid = {5AF160A9-F56B-4884-9373-38E2F05263CA}
	EndGlobalSection
EndGlobal
